
Microsoft Visual Studio Solution File, Format Version 12.00
# Visual Studio Version 17
VisualStudioVersion = 17.7.34009.444
MinimumVisualStudioVersion = 10.0.40219.1
Project("{9A19103F-16F7-4668-BE54-9A1E7A4F7556}") = "EmailService", "EmailService\EmailService.csproj", "{BFA28057-EEBA-4B08-98C4-83B2DAA4EE7C}"
EndProject
Project("{9A19103F-16F7-4668-BE54-9A1E7A4F7556}") = "EmailService.SES", "EmailService.SES\EmailService.SES.csproj", "{D7510F86-5196-4BB2-A18C-FDCEBBD4A474}"
EndProject
Project("{9A19103F-16F7-4668-BE54-9A1E7A4F7556}") = "EmailService.SendGrid", "EmailService.SendGrid\EmailService.SendGrid.csproj", "{09B8A028-A7A0-48A9-9F43-72046B0F56F5}"
EndProject
Project("{9A19103F-16F7-4668-BE54-9A1E7A4F7556}") = "EmailService.SMTP", "EmailService.SMTP\EmailService.SMTP.csproj", "{88157C80-7C18-4446-A7C6-AACC7B12056D}"
EndProject
Project("{9A19103F-16F7-4668-BE54-9A1E7A4F7556}") = "EmailService.Test", "EmailService.Test\EmailService.Test.csproj", "{A3EB07EE-90D8-4263-9D2E-35F1BEB3B5C1}"
EndProject
Project("{FAE04EC0-301F-11D3-BF4B-00C04F79EFBC}") = "EmailService.Azure", "EmailService.Azure\EmailService.Azure.csproj", "{AEFC9D3D-107A-487C-BB95-E4D58250D572}"
EndProject
Global
	GlobalSection(SolutionConfigurationPlatforms) = preSolution
		Debug|Any CPU = Debug|Any CPU
		Release|Any CPU = Release|Any CPU
	EndGlobalSection
	GlobalSection(ProjectConfigurationPlatforms) = postSolution
		{BFA28057-EEBA-4B08-98C4-83B2DAA4EE7C}.Debug|Any CPU.ActiveCfg = Debug|Any CPU
		{BFA28057-EEBA-4B08-98C4-83B2DAA4EE7C}.Debug|Any CPU.Build.0 = Debug|Any CPU
		{BFA28057-EEBA-4B08-98C4-83B2DAA4EE7C}.Release|Any CPU.ActiveCfg = Release|Any CPU
		{BFA28057-EEBA-4B08-98C4-83B2DAA4EE7C}.Release|Any CPU.Build.0 = Release|Any CPU
		{D7510F86-5196-4BB2-A18C-FDCEBBD4A474}.Debug|Any CPU.ActiveCfg = Debug|Any CPU
		{D7510F86-5196-4BB2-A18C-FDCEBBD4A474}.Debug|Any CPU.Build.0 = Debug|Any CPU
		{D7510F86-5196-4BB2-A18C-FDCEBBD4A474}.Release|Any CPU.ActiveCfg = Release|Any CPU
		{D7510F86-5196-4BB2-A18C-FDCEBBD4A474}.Release|Any CPU.Build.0 = Release|Any CPU
		{09B8A028-A7A0-48A9-9F43-72046B0F56F5}.Debug|Any CPU.ActiveCfg = Debug|Any CPU
		{09B8A028-A7A0-48A9-9F43-72046B0F56F5}.Debug|Any CPU.Build.0 = Debug|Any CPU
		{09B8A028-A7A0-48A9-9F43-72046B0F56F5}.Release|Any CPU.ActiveCfg = Release|Any CPU
		{09B8A028-A7A0-48A9-9F43-72046B0F56F5}.Release|Any CPU.Build.0 = Release|Any CPU
		{88157C80-7C18-4446-A7C6-AACC7B12056D}.Debug|Any CPU.ActiveCfg = Debug|Any CPU
		{88157C80-7C18-4446-A7C6-AACC7B12056D}.Debug|Any CPU.Build.0 = Debug|Any CPU
		{88157C80-7C18-4446-A7C6-AACC7B12056D}.Release|Any CPU.ActiveCfg = Release|Any CPU
		{88157C80-7C18-4446-A7C6-AACC7B12056D}.Release|Any CPU.Build.0 = Release|Any CPU
		{A3EB07EE-90D8-4263-9D2E-35F1BEB3B5C1}.Debug|Any CPU.ActiveCfg = Debug|Any CPU
		{A3EB07EE-90D8-4263-9D2E-35F1BEB3B5C1}.Debug|Any CPU.Build.0 = Debug|Any CPU
		{A3EB07EE-90D8-4263-9D2E-35F1BEB3B5C1}.Release|Any CPU.ActiveCfg = Release|Any CPU
		{A3EB07EE-90D8-4263-9D2E-35F1BEB3B5C1}.Release|Any CPU.Build.0 = Release|Any CPU
		{AEFC9D3D-107A-487C-BB95-E4D58250D572}.Debug|Any CPU.ActiveCfg = Debug|Any CPU
		{AEFC9D3D-107A-487C-BB95-E4D58250D572}.Debug|Any CPU.Build.0 = Debug|Any CPU
		{AEFC9D3D-107A-487C-BB95-E4D58250D572}.Release|Any CPU.ActiveCfg = Release|Any CPU
		{AEFC9D3D-107A-487C-BB95-E4D58250D572}.Release|Any CPU.Build.0 = Release|Any CPU
	EndGlobalSection
	GlobalSection(SolutionProperties) = preSolution
		HideSolutionNode = FALSE
	EndGlobalSection
	GlobalSection(ExtensibilityGlobals) = postSolution
		SolutionGuid = {259F7E9A-E8A5-42B9-A2D7-9385E68E55B3}
	EndGlobalSection
EndGlobal
